
Microsoft Visual Studio Solution File, Format Version 12.00
# Visual Studio 15
VisualStudioVersion = 15.0.27004.2010
MinimumVisualStudioVersion = 10.0.40219.1
Project("{8BC9CEB8-8B4A-11D0-8D11-00A0C91BC942}") = "PID", "gui\PID.vcxproj", "{B450C333-A1B5-3317-BCEB-7DADAB21AC81}"
EndProject
Project("{888888A0-9F3D-457C-B088-3A5042F75D52}") = "core", "core\core.pyproj", "{5598E5A6-5BCE-4ECF-9A43-33C06C4F8235}"
EndProject
Global
	GlobalSection(SolutionConfigurationPlatforms) = preSolution
		Debug|Any CPU = Debug|Any CPU
		Debug|x64 = Debug|x64
		Release|Any CPU = Release|Any CPU
		Release|x64 = Release|x64
	EndGlobalSection
	GlobalSection(ProjectConfigurationPlatforms) = postSolution
		{B450C333-A1B5-3317-BCEB-7DADAB21AC81}.Debug|Any CPU.ActiveCfg = Debug|x64
		{B450C333-A1B5-3317-BCEB-7DADAB21AC81}.Debug|x64.ActiveCfg = Debug|x64
		{B450C333-A1B5-3317-BCEB-7DADAB21AC81}.Debug|x64.Build.0 = Debug|x64
		{B450C333-A1B5-3317-BCEB-7DADAB21AC81}.Release|Any CPU.ActiveCfg = Release|x64
		{B450C333-A1B5-3317-BCEB-7DADAB21AC81}.Release|x64.ActiveCfg = Release|x64
		{B450C333-A1B5-3317-BCEB-7DADAB21AC81}.Release|x64.Build.0 = Release|x64
		{5598E5A6-5BCE-4ECF-9A43-33C06C4F8235}.Debug|Any CPU.ActiveCfg = Debug|Any CPU
		{5598E5A6-5BCE-4ECF-9A43-33C06C4F8235}.Debug|x64.ActiveCfg = Debug|Any CPU
		{5598E5A6-5BCE-4ECF-9A43-33C06C4F8235}.Release|Any CPU.ActiveCfg = Release|Any CPU
		{5598E5A6-5BCE-4ECF-9A43-33C06C4F8235}.Release|x64.ActiveCfg = Release|Any CPU
	EndGlobalSection
	GlobalSection(SolutionProperties) = preSolution
		HideSolutionNode = FALSE
	EndGlobalSection
	GlobalSection(ExtensibilityGlobals) = postSolution
		SolutionGuid = {C7D4B1B3-E5C0-4754-9F9E-BBDA6CE9267F}
	EndGlobalSection
EndGlobal
